<?xml version="1.0" encoding="utf-8"?>
<Project ToolsVersion="4.0" xmlns="http://schemas.microsoft.com/developer/msbuild/2003">
  <ItemGroup>
    <Filter Include="Source Files">
      <UniqueIdentifier>{4FC737F1-C7A5-4376-A066-2A32D752A2FF}</UniqueIdentifier>
      <Extensions>cpp;c;cc;cxx;def;odl;idl;hpj;bat;asm;asmx</Extensions>
    </Filter>
    <Filter Include="Header Files">
      <UniqueIdentifier>{93995380-89BD-4b04-88EB-625FBE52EBFB}</UniqueIdentifier>
      <Extensions>h;hh;hpp;hxx;hm;inl;inc;xsd</Extensions>
    </Filter>
    <Filter Include="Resource Files">
      <UniqueIdentifier>{D9D6E242-F8AF-46E4-B9FD-80ECBC20BA3E}</UniqueIdentifier>
      <Extensions>qrc;*</Extensions>
      <ParseFiles>false</ParseFiles>
    </Filter>
    <Filter Include="Form Files">
      <UniqueIdentifier>{99349809-55BA-4b9d-BF79-8FDBB0286EB3}</UniqueIdentifier>
      <Extensions>ui</Extensions>
    </Filter>
    <Filter Include="Resource Files">
      <UniqueIdentifier>{D9D6E242-F8AF-46E4-B9FD-80ECBC20BA3E}</UniqueIdentifier>
      <Extensions>qrc;*</Extensions>
      <ParseFiles>false</ParseFiles>
    </Filter>
    <Filter Include="Generated Files">
      <UniqueIdentifier>{71ED8ED8-ACB9-4CE9-BBE1-E00B30144E11}</UniqueIdentifier>
      <Extensions>moc;h;cpp</Extensions>
      <SourceControlFiles>False</SourceControlFiles>
    </Filter>
    <Filter Include="Header Files\Common">
      <UniqueIdentifier>{a1581eb7-2daa-4eea-b64b-636add52a86d}</UniqueIdentifier>
    </Filter>
    <Filter Include="Source Files\Common">
      <UniqueIdentifier>{c542de10-1955-4107-b835-3abb310f0447}</UniqueIdentifier>
    </Filter>
  </ItemGroup>
  <ItemGroup>
    <ClCompile Include="Source\Common\common.cpp">
      <Filter>Source Files\Common</Filter>
    </ClCompile>
    <ClCompile Include="Source\scaled_image_widget.cpp">
      <Filter>Source Files</Filter>
    </ClCompile>
    <ClCompile Include="Source\visualization_frame.cpp">
      <Filter>Source Files</Filter>
    </ClCompile>
    <ClCompile Include="Source\visualizer_app.cpp">
      <Filter>Source Files</Filter>
    </ClCompile>
    <ClCompile Include="Source\widget_geometry_change_detector.cpp">
      <Filter>Source Files</Filter>
    </ClCompile>
    <ClCompile Include="Source\configinfo.cpp">
      <Filter>Source Files</Filter>
    </ClCompile>
    <ClCompile Include="Source\paintlabel.cpp">
      <Filter>Source Files</Filter>
    </ClCompile>
    <ClCompile Include="Source\Common\config.cpp">
      <Filter>Source Files\Common</Filter>
    </ClCompile>
    <ClCompile Include="main.cpp">
      <Filter>Source Files</Filter>
    </ClCompile>
    <ClCompile Include="Source\panel_dock_widget.cpp">
      <Filter>Source Files</Filter>
    </ClCompile>
    <ClCompile Include="Source\panel.cpp">
      <Filter>Source Files</Filter>
    </ClCompile>
    <ClCompile Include="Source\tool_button.cpp">
      <Filter>Source Files</Filter>
    </ClCompile>
    <ClCompile Include="Source\Common\drop_shadow_widget.cpp">
      <Filter>Source Files\Common</Filter>
    </ClCompile>
    <ClCompile Include="Source\qtsingleapplication.cpp">
      <Filter>Source Files</Filter>
    </ClCompile>
    <ClCompile Include="Source\qtlocalpeer.cpp">
      <Filter>Source Files</Filter>
    </ClCompile>
    <ClCompile Include="Source\qtlockedfile.cpp">
      <Filter>Source Files</Filter>
    </ClCompile>
    <ClCompile Include="Source\qtlockedfile_win.cpp">
      <Filter>Source Files</Filter>
    </ClCompile>
    <ClCompile Include="Source\change_file_widget.cpp">
      <Filter>Source Files</Filter>
    </ClCompile>
    <ClCompile Include="Source\selected_file_panel.cpp">
      <Filter>Source Files</Filter>
    </ClCompile>
    <ClCompile Include="Source\push_button.cpp">
      <Filter>Source Files</Filter>
    </ClCompile>
    <ClCompile Include="Source\file_system_utils.cpp">
      <Filter>Source Files</Filter>
    </ClCompile>
    <ClCompile Include="Source\setting.cpp">
      <Filter>Source Files</Filter>
    </ClCompile>
    <ClCompile Include="Source\settings.cpp">
      <Filter>Source Files</Filter>
    </ClCompile>
    <ClCompile Include="Source\date_edit.cpp">
      <Filter>Source Files</Filter>
    </ClCompile>
    <ClCompile Include="Source\selected_param_panel.cpp">
      <Filter>Source Files</Filter>
    </ClCompile>
  </ItemGroup>
  <ItemGroup>
    <QtMoc Include="Include\scaled_image_widget.h">
      <Filter>Header Files</Filter>
    </QtMoc>
    <QtMoc Include="Include\visualization_frame.h">
      <Filter>Header Files</Filter>
    </QtMoc>
    <QtMoc Include="Include\visualizer_app.h">
      <Filter>Header Files</Filter>
    </QtMoc>
    <QtMoc Include="Include\widget_geometry_change_detector.h">
      <Filter>Header Files</Filter>
    </QtMoc>
    <QtMoc Include="Include\paintlabel.h">
      <Filter>Header Files</Filter>
    </QtMoc>
    <QtMoc Include="Include\panel_dock_widget.h">
      <Filter>Header Files</Filter>
    </QtMoc>
    <QtMoc Include="Include\panel.h">
      <Filter>Header Files</Filter>
    </QtMoc>
    <QtMoc Include="Include\Common\drop_shadow_widget.h">
      <Filter>Header Files\Common</Filter>
    </QtMoc>
    <QtMoc Include="Include\qtsingleapplication.h">
      <Filter>Header Files</Filter>
    </QtMoc>
    <QtMoc Include="Include\qtlocalpeer.h">
      <Filter>Header Files</Filter>
    </QtMoc>
    <QtMoc Include="Include\selected_file_panel.h">
      <Filter>Header Files</Filter>
    </QtMoc>
    <QtMoc Include="Include\change_file_widget.h">
      <Filter>Header Files</Filter>
    </QtMoc>
    <QtMoc Include="Include\push_button.h">
      <Filter>Header Files</Filter>
    </QtMoc>
    <QtMoc Include="Include\setting.h">
      <Filter>Header Files</Filter>
    </QtMoc>
    <QtMoc Include="Include\settings.h">
      <Filter>Header Files</Filter>
    </QtMoc>
    <QtMoc Include="Include\file_system_utils.h">
      <Filter>Header Files</Filter>
    </QtMoc>
    <QtMoc Include="Include\ffmpegcmd.h">
      <Filter>Header Files</Filter>
    </QtMoc>
    <QtMoc Include="Include\date_edit.h">
      <Filter>Header Files</Filter>
    </QtMoc>
    <QtMoc Include="Include\selected_param_panel.h">
      <Filter>Header Files</Filter>
    </QtMoc>
  </ItemGroup>
  <ItemGroup>
    <QtUic Include="UI\IssueDescribe.ui">
      <Filter>Form Files</Filter>
    </QtUic>
  </ItemGroup>
  <ItemGroup>
    <ClInclude Include="Include\Common\common.h">
      <Filter>Header Files\Common</Filter>
    </ClInclude>
    <ClInclude Include="Include\Common\common_config.h">
      <Filter>Header Files\Common</Filter>
    </ClInclude>
    <ClInclude Include="Include\configinfo.h">
      <Filter>Header Files</Filter>
    </ClInclude>
    <ClInclude Include="Include\Common\config.h">
      <Filter>Header Files\Common</Filter>
    </ClInclude>
    <ClInclude Include="Include\tool_button.h">
      <Filter>Header Files</Filter>
    </ClInclude>
    <ClInclude Include="Include\memcheck.h">
      <Filter>Header Files</Filter>
    </ClInclude>
    <ClInclude Include="Include\qtlockedfile.h">
      <Filter>Header Files</Filter>
    </ClInclude>
    <ClInclude Include="Include\resource.h">
      <Filter>Header Files</Filter>
    </ClInclude>
  </ItemGroup>
  <ItemGroup>
    <QtRcc Include="Resources\DataUploadTool.qrc">
      <Filter>Resource Files</Filter>
    </QtRcc>
  </ItemGroup>
  <ItemGroup>
    <ResourceCompile Include="DataUploadTool.rc" />
  </ItemGroup>
  <ItemGroup>
    <Image Include="Resources\image\app_icon.ico" />
  </ItemGroup>
</Project>